
Microsoft Visual Studio Solution File, Format Version 12.00
# Visual Studio Version 16
VisualStudioVersion = 16.0.30204.135
MinimumVisualStudioVersion = 10.0.40219.1
Project("{FAE04EC0-301F-11D3-BF4B-00C04F79EFBC}") = "ConsoleApp16", "ConsoleApp16\ConsoleApp16.csproj", "{31D2AB05-DB81-4A69-A5B1-F2628475A5CD}"
EndProject
Global
	GlobalSection(SolutionConfigurationPlatforms) = preSolution
		Debug|Any CPU = Debug|Any CPU
		Release|Any CPU = Release|Any CPU
	EndGlobalSection
	GlobalSection(ProjectConfigurationPlatforms) = postSolution
		{31D2AB05-DB81-4A69-A5B1-F2628475A5CD}.Debug|Any CPU.ActiveCfg = Debug|Any CPU
		{31D2AB05-DB81-4A69-A5B1-F2628475A5CD}.Debug|Any CPU.Build.0 = Debug|Any CPU
		{31D2AB05-DB81-4A69-A5B1-F2628475A5CD}.Release|Any CPU.ActiveCfg = Release|Any CPU
		{31D2AB05-DB81-4A69-A5B1-F2628475A5CD}.Release|Any CPU.Build.0 = Release|Any CPU
	EndGlobalSection
	GlobalSection(SolutionProperties) = preSolution
		HideSolutionNode = FALSE
	EndGlobalSection
	GlobalSection(ExtensibilityGlobals) = postSolution
		SolutionGuid = {10EBD4A5-01F8-4814-83F7-0DC725C09730}
	EndGlobalSection
EndGlobal
